# THIS IS AN AUTOGENERATED FILE. DO NOT EDIT THIS FILE DIRECTLY.
# yarn lockfile v1


"@tensorflow/tfjs-core@1.0.3":
  version "1.0.3"
  resolved "https://registry.yarnpkg.com/@tensorflow/tfjs-core/-/tfjs-core-1.0.3.tgz#344f3fb1ed43c43b0e19e5e2764677770fd7a085"
  integrity sha512-2UbjMQkmrykIIZuoRfmDPrtWm+6fdQRlYLCUJdiOIooeu/q4nye587HM1qKcdZosGPZTW6VvX+4VIVieYn5i0A==
  dependencies:
    "@types/seedrandom" "2.4.27"
    "@types/webgl-ext" "0.0.30"
    "@types/webgl2" "0.0.4"
    seedrandom "2.4.3"

"@types/seedrandom@2.4.27":
  version "2.4.27"
  resolved "https://registry.yarnpkg.com/@types/seedrandom/-/seedrandom-2.4.27.tgz#9db563937dd86915f69092bc43259d2f48578e41"
  integrity sha1-nbVjk33YaRX2kJK8QyWdL0hXjkE=

"@types/webgl-ext@0.0.30":
  version "0.0.30"
  resolved "https://registry.yarnpkg.com/@types/webgl-ext/-/webgl-ext-0.0.30.tgz#0ce498c16a41a23d15289e0b844d945b25f0fb9d"
  integrity sha512-LKVgNmBxN0BbljJrVUwkxwRYqzsAEPcZOe6S2T6ZaBDIrFp0qu4FNlpc5sM1tGbXUYFgdVQIoeLk1Y1UoblyEg==

"@types/webgl2@0.0.4":
  version "0.0.4"
  resolved "https://registry.yarnpkg.com/@types/webgl2/-/webgl2-0.0.4.tgz#c3b0f9d6b465c66138e84e64cb3bdf8373c2c279"
  integrity sha512-PACt1xdErJbMUOUweSrbVM7gSIYm1vTncW2hF6Os/EeWi6TXYAYMPp+8v6rzHmypE5gHrxaxZNXgMkJVIdZpHw==

face-api.js@^0.19.0:
  version "0.19.0"
  resolved "https://registry.yarnpkg.com/face-api.js/-/face-api.js-0.19.0.tgz#b7120b7f432ca3db56818c5600e9bc37de5beb60"
  integrity sha512-XbEIqqnLzlVIkvtLffFIl/Ltit3VAnJ1B3aFEc28pnkNVvqzJnBJbZVgbJ0JTvaafdSPJ5pFufC2t0KZJhwdpw==
  dependencies:
    "@tensorflow/tfjs-core" "1.0.3"
    tfjs-image-recognition-base "^0.5.1"
    tslib "^1.9.3"

seedrandom@2.4.3:
  version "2.4.3"
  resolved "https://registry.yarnpkg.com/seedrandom/-/seedrandom-2.4.3.tgz#2438504dad33917314bff18ac4d794f16d6aaecc"
  integrity sha1-JDhQTa0zkXMUv/GKxNeU8W1qrsw=

tfjs-image-recognition-base@^0.5.1:
  version "0.5.1"
  resolved "https://registry.yarnpkg.com/tfjs-image-recognition-base/-/tfjs-image-recognition-base-0.5.1.tgz#c98ec31e77eedc2d5f0a2b257fe6b75aa9a26a8d"
  integrity sha512-xk1feiuWiX56PZ4sK20rcVvqwPXdxzAV3TDCdeCQV/yPYDyq1lU98JBDUliX1g6o8jL5v4f6yyn3A5tq9kbCpg==
  dependencies:
    "@tensorflow/tfjs-core" "1.0.3"
    tslib "^1.9.3"

tslib@^1.9.3:
  version "1.9.3"
  resolved "https://registry.yarnpkg.com/tslib/-/tslib-1.9.3.tgz#d7e4dd79245d85428c4d7e4822a79917954ca286"
  integrity sha512-4krF8scpejhaOgqzBEcGM7yDIEfi0/8+8zDRZhNZZ2kjmHJ4hv3zCbQWxoJGz1iw5U0Jl0nma13xzHXcncMavQ==
